
Microsoft Visual Studio Solution File, Format Version 12.00
# Visual Studio Version 17
VisualStudioVersion = 17.10.35122.118
MinimumVisualStudioVersion = 10.0.40219.1
Project("{FAE04EC0-301F-11D3-BF4B-00C04F79EFBC}") = "Suma numeros predefinidos", "Suma numeros predefinidos\Suma numeros predefinidos.csproj", "{8B1F00CD-0B69-40DD-BC07-BC95ACA5FAC1}"
EndProject
Global
	GlobalSection(SolutionConfigurationPlatforms) = preSolution
		Debug|Any CPU = Debug|Any CPU
		Release|Any CPU = Release|Any CPU
	EndGlobalSection
	GlobalSection(ProjectConfigurationPlatforms) = postSolution
		{8B1F00CD-0B69-40DD-BC07-BC95ACA5FAC1}.Debug|Any CPU.ActiveCfg = Debug|Any CPU
		{8B1F00CD-0B69-40DD-BC07-BC95ACA5FAC1}.Debug|Any CPU.Build.0 = Debug|Any CPU
		{8B1F00CD-0B69-40DD-BC07-BC95ACA5FAC1}.Release|Any CPU.ActiveCfg = Release|Any CPU
		{8B1F00CD-0B69-40DD-BC07-BC95ACA5FAC1}.Release|Any CPU.Build.0 = Release|Any CPU
	EndGlobalSection
	GlobalSection(SolutionProperties) = preSolution
		HideSolutionNode = FALSE
	EndGlobalSection
	GlobalSection(ExtensibilityGlobals) = postSolution
		SolutionGuid = {DCD7E6E5-94F5-4A99-9085-5C8AB970C9D6}
	EndGlobalSection
EndGlobal
