
Microsoft Visual Studio Solution File, Format Version 12.00
# Visual Studio Version 17
VisualStudioVersion = 17.10.35122.118
MinimumVisualStudioVersion = 10.0.40219.1
Project("{FAE04EC0-301F-11D3-BF4B-00C04F79EFBC}") = "Media aritmetica (promedio) resumido", "Media aritmetica (promedio) resumido\Media aritmetica (promedio) resumido.csproj", "{E59A181F-5AC9-44AB-8C83-3BB424D557EC}"
EndProject
Global
	GlobalSection(SolutionConfigurationPlatforms) = preSolution
		Debug|Any CPU = Debug|Any CPU
		Release|Any CPU = Release|Any CPU
	EndGlobalSection
	GlobalSection(ProjectConfigurationPlatforms) = postSolution
		{E59A181F-5AC9-44AB-8C83-3BB424D557EC}.Debug|Any CPU.ActiveCfg = Debug|Any CPU
		{E59A181F-5AC9-44AB-8C83-3BB424D557EC}.Debug|Any CPU.Build.0 = Debug|Any CPU
		{E59A181F-5AC9-44AB-8C83-3BB424D557EC}.Release|Any CPU.ActiveCfg = Release|Any CPU
		{E59A181F-5AC9-44AB-8C83-3BB424D557EC}.Release|Any CPU.Build.0 = Release|Any CPU
	EndGlobalSection
	GlobalSection(SolutionProperties) = preSolution
		HideSolutionNode = FALSE
	EndGlobalSection
	GlobalSection(ExtensibilityGlobals) = postSolution
		SolutionGuid = {1C94C87F-4954-4121-8ABE-7BA4DA6D2C54}
	EndGlobalSection
EndGlobal
