
Microsoft Visual Studio Solution File, Format Version 12.00
# Visual Studio Version 17
VisualStudioVersion = 17.10.35122.118
MinimumVisualStudioVersion = 10.0.40219.1
Project("{FAE04EC0-301F-11D3-BF4B-00C04F79EFBC}") = "Numero par  o impar", "Numero par  o impar\Numero par  o impar.csproj", "{AB812F71-B935-450E-B203-095A4E9C4570}"
EndProject
Global
	GlobalSection(SolutionConfigurationPlatforms) = preSolution
		Debug|Any CPU = Debug|Any CPU
		Release|Any CPU = Release|Any CPU
	EndGlobalSection
	GlobalSection(ProjectConfigurationPlatforms) = postSolution
		{AB812F71-B935-450E-B203-095A4E9C4570}.Debug|Any CPU.ActiveCfg = Debug|Any CPU
		{AB812F71-B935-450E-B203-095A4E9C4570}.Debug|Any CPU.Build.0 = Debug|Any CPU
		{AB812F71-B935-450E-B203-095A4E9C4570}.Release|Any CPU.ActiveCfg = Release|Any CPU
		{AB812F71-B935-450E-B203-095A4E9C4570}.Release|Any CPU.Build.0 = Release|Any CPU
	EndGlobalSection
	GlobalSection(SolutionProperties) = preSolution
		HideSolutionNode = FALSE
	EndGlobalSection
	GlobalSection(ExtensibilityGlobals) = postSolution
		SolutionGuid = {B139D95F-E35F-4402-BEC3-870431145841}
	EndGlobalSection
EndGlobal
