
Microsoft Visual Studio Solution File, Format Version 12.00
# Visual Studio Version 17
VisualStudioVersion = 17.10.35122.118
MinimumVisualStudioVersion = 10.0.40219.1
Project("{FAE04EC0-301F-11D3-BF4B-00C04F79EFBC}") = "Diez multiplos de un numero", "Multiplos del 1 al 100 de un numero\Diez multiplos de un numero.csproj", "{D3517569-516C-46BB-B49D-9F24480530E0}"
EndProject
Global
	GlobalSection(SolutionConfigurationPlatforms) = preSolution
		Debug|Any CPU = Debug|Any CPU
		Release|Any CPU = Release|Any CPU
	EndGlobalSection
	GlobalSection(ProjectConfigurationPlatforms) = postSolution
		{D3517569-516C-46BB-B49D-9F24480530E0}.Debug|Any CPU.ActiveCfg = Debug|Any CPU
		{D3517569-516C-46BB-B49D-9F24480530E0}.Debug|Any CPU.Build.0 = Debug|Any CPU
		{D3517569-516C-46BB-B49D-9F24480530E0}.Release|Any CPU.ActiveCfg = Release|Any CPU
		{D3517569-516C-46BB-B49D-9F24480530E0}.Release|Any CPU.Build.0 = Release|Any CPU
	EndGlobalSection
	GlobalSection(SolutionProperties) = preSolution
		HideSolutionNode = FALSE
	EndGlobalSection
	GlobalSection(ExtensibilityGlobals) = postSolution
		SolutionGuid = {568CAE7B-B004-4789-B96A-A015439AA7F8}
	EndGlobalSection
EndGlobal
